// !$*UTF8*$!
{
	archiveVersion = 1;
	classes = {
	};
	objectVersion = 56;
	objects = {

/* Begin PBXBuildFile section */
		350DEDC62BA2C8B100B8A429 /* 10) GlobalActor.swift in Sources */ = {isa = PBXBuildFile; fileRef = 350DEDC52BA2C8B100B8A429 /* 10) GlobalActor.swift */; };
		3545883E2B3438110022DC98 /* 9) ActorClassStructSwiftUIView.swift in Sources */ = {isa = PBXBuildFile; fileRef = 3545883D2B3438110022DC98 /* 9) ActorClassStructSwiftUIView.swift */; };
		35A18FF52B1841190009EEBA /* 3) ImageDownloadAsyncAwait.swift in Sources */ = {isa = PBXBuildFile; fileRef = 35A18FF42B1841190009EEBA /* 3) ImageDownloadAsyncAwait.swift */; };
		35A18FF72B18419B0009EEBA /* 1) LearningTopics.swift in Sources */ = {isa = PBXBuildFile; fileRef = 35A18FF32B1840E40009EEBA /* 1) LearningTopics.swift */; };
		35C00FC82B15B34D00DE2EB8 /* Concurrency_SwiftFull_ThinkingApp.swift in Sources */ = {isa = PBXBuildFile; fileRef = 35C00FC72B15B34D00DE2EB8 /* Concurrency_SwiftFull_ThinkingApp.swift */; };
		35C00FCA2B15B34D00DE2EB8 /* ContentView.swift in Sources */ = {isa = PBXBuildFile; fileRef = 35C00FC92B15B34D00DE2EB8 /* ContentView.swift */; };
		35C00FCC2B15B35100DE2EB8 /* Assets.xcassets in Resources */ = {isa = PBXBuildFile; fileRef = 35C00FCB2B15B35100DE2EB8 /* Assets.xcassets */; };
		35C00FCF2B15B35100DE2EB8 /* Preview Assets.xcassets in Resources */ = {isa = PBXBuildFile; fileRef = 35C00FCE2B15B35100DE2EB8 /* Preview Assets.xcassets */; };
		35C00FD62B15B45B00DE2EB8 /* SwiftfulThinkingChapters.swift in Sources */ = {isa = PBXBuildFile; fileRef = 35C00FD52B15B45B00DE2EB8 /* SwiftfulThinkingChapters.swift */; };
		35C00FD82B15B6E100DE2EB8 /* 2) DoCatchTryThrows.swift in Sources */ = {isa = PBXBuildFile; fileRef = 35C00FD72B15B6E100DE2EB8 /* 2) DoCatchTryThrows.swift */; };
		E91ABB0B2B1A203F00EACEC1 /* 6) AsyncLetSwiftUIView.swift in Sources */ = {isa = PBXBuildFile; fileRef = E91ABB0A2B1A203F00EACEC1 /* 6) AsyncLetSwiftUIView.swift */; };
		E91ABB0D2B1A40FE00EACEC1 /* 7) UseTaskGroupSwiftUIView.swift in Sources */ = {isa = PBXBuildFile; fileRef = E91ABB0C2B1A40FE00EACEC1 /* 7) UseTaskGroupSwiftUIView.swift */; };
		E932E5A62BC6EBA400C7C4CB /* 13) DemistifySwiftUI.swift in Sources */ = {isa = PBXBuildFile; fileRef = E932E5A52BC6EBA400C7C4CB /* 13) DemistifySwiftUI.swift */; };
		E933545B2B1CB971000ED8A9 /* 8) CheckContinuationSwiftUIView.swift in Sources */ = {isa = PBXBuildFile; fileRef = E933545A2B1CB971000ED8A9 /* 8) CheckContinuationSwiftUIView.swift */; };
		E9A25FCE2B3DF15100656348 /* 11) AdvancedSwiftUIAnimation.swift in Sources */ = {isa = PBXBuildFile; fileRef = E9A25FCD2B3DF15100656348 /* 11) AdvancedSwiftUIAnimation.swift */; };
		E9A25FD02B3DFCC300656348 /* 12) PolygonAnimation1.swift in Sources */ = {isa = PBXBuildFile; fileRef = E9A25FCF2B3DFCC300656348 /* 12) PolygonAnimation1.swift */; };
		E9B0A3AB2B19A244004BE38C /* 4) HowToUseAsyncAwait.swift in Sources */ = {isa = PBXBuildFile; fileRef = E9B0A3AA2B19A244004BE38C /* 4) HowToUseAsyncAwait.swift */; };
		E9B0A3AD2B19AC04004BE38C /* 5) HowToUseTask.swift in Sources */ = {isa = PBXBuildFile; fileRef = E9B0A3AC2B19AC04004BE38C /* 5) HowToUseTask.swift */; };
/* End PBXBuildFile section */

/* Begin PBXFileReference section */
		350DEDC52BA2C8B100B8A429 /* 10) GlobalActor.swift */ = {isa = PBXFileReference; lastKnownFileType = sourcecode.swift; path = "10) GlobalActor.swift"; sourceTree = "<group>"; };
		3545883D2B3438110022DC98 /* 9) ActorClassStructSwiftUIView.swift */ = {isa = PBXFileReference; lastKnownFileType = sourcecode.swift; path = "9) ActorClassStructSwiftUIView.swift"; sourceTree = "<group>"; };
		35A18FF32B1840E40009EEBA /* 1) LearningTopics.swift */ = {isa = PBXFileReference; lastKnownFileType = sourcecode.swift; path = "1) LearningTopics.swift"; sourceTree = "<group>"; };
		35A18FF42B1841190009EEBA /* 3) ImageDownloadAsyncAwait.swift */ = {isa = PBXFileReference; lastKnownFileType = sourcecode.swift; path = "3) ImageDownloadAsyncAwait.swift"; sourceTree = "<group>"; };
		35C00FC42B15B34D00DE2EB8 /* Concurrency_SwiftFull_Thinking.app */ = {isa = PBXFileReference; explicitFileType = wrapper.application; includeInIndex = 0; path = Concurrency_SwiftFull_Thinking.app; sourceTree = BUILT_PRODUCTS_DIR; };
		35C00FC72B15B34D00DE2EB8 /* Concurrency_SwiftFull_ThinkingApp.swift */ = {isa = PBXFileReference; lastKnownFileType = sourcecode.swift; path = Concurrency_SwiftFull_ThinkingApp.swift; sourceTree = "<group>"; };
		35C00FC92B15B34D00DE2EB8 /* ContentView.swift */ = {isa = PBXFileReference; lastKnownFileType = sourcecode.swift; path = ContentView.swift; sourceTree = "<group>"; };
		35C00FCB2B15B35100DE2EB8 /* Assets.xcassets */ = {isa = PBXFileReference; lastKnownFileType = folder.assetcatalog; path = Assets.xcassets; sourceTree = "<group>"; };
		35C00FCE2B15B35100DE2EB8 /* Preview Assets.xcassets */ = {isa = PBXFileReference; lastKnownFileType = folder.assetcatalog; path = "Preview Assets.xcassets"; sourceTree = "<group>"; };
		35C00FD52B15B45B00DE2EB8 /* SwiftfulThinkingChapters.swift */ = {isa = PBXFileReference; lastKnownFileType = sourcecode.swift; path = SwiftfulThinkingChapters.swift; sourceTree = "<group>"; };
		35C00FD72B15B6E100DE2EB8 /* 2) DoCatchTryThrows.swift */ = {isa = PBXFileReference; lastKnownFileType = sourcecode.swift; path = "2) DoCatchTryThrows.swift"; sourceTree = "<group>"; };
		E91ABB0A2B1A203F00EACEC1 /* 6) AsyncLetSwiftUIView.swift */ = {isa = PBXFileReference; lastKnownFileType = sourcecode.swift; path = "6) AsyncLetSwiftUIView.swift"; sourceTree = "<group>"; };
		E91ABB0C2B1A40FE00EACEC1 /* 7) UseTaskGroupSwiftUIView.swift */ = {isa = PBXFileReference; lastKnownFileType = sourcecode.swift; path = "7) UseTaskGroupSwiftUIView.swift"; sourceTree = "<group>"; };
		E932E5A52BC6EBA400C7C4CB /* 13) DemistifySwiftUI.swift */ = {isa = PBXFileReference; lastKnownFileType = sourcecode.swift; path = "13) DemistifySwiftUI.swift"; sourceTree = "<group>"; };
		E933545A2B1CB971000ED8A9 /* 8) CheckContinuationSwiftUIView.swift */ = {isa = PBXFileReference; lastKnownFileType = sourcecode.swift; path = "8) CheckContinuationSwiftUIView.swift"; sourceTree = "<group>"; };
		E9A25FCD2B3DF15100656348 /* 11) AdvancedSwiftUIAnimation.swift */ = {isa = PBXFileReference; lastKnownFileType = sourcecode.swift; path = "11) AdvancedSwiftUIAnimation.swift"; sourceTree = "<group>"; };
		E9A25FCF2B3DFCC300656348 /* 12) PolygonAnimation1.swift */ = {isa = PBXFileReference; lastKnownFileType = sourcecode.swift; path = "12) PolygonAnimation1.swift"; sourceTree = "<group>"; };
		E9B0A3AA2B19A244004BE38C /* 4) HowToUseAsyncAwait.swift */ = {isa = PBXFileReference; lastKnownFileType = sourcecode.swift; path = "4) HowToUseAsyncAwait.swift"; sourceTree = "<group>"; };
		E9B0A3AC2B19AC04004BE38C /* 5) HowToUseTask.swift */ = {isa = PBXFileReference; lastKnownFileType = sourcecode.swift; path = "5) HowToUseTask.swift"; sourceTree = "<group>"; };
/* End PBXFileReference section */

/* Begin PBXFrameworksBuildPhase section */
		35C00FC12B15B34D00DE2EB8 /* Frameworks */ = {
			isa = PBXFrameworksBuildPhase;
			buildActionMask = 2147483647;
			files = (
			);
			runOnlyForDeploymentPostprocessing = 0;
		};
/* End PBXFrameworksBuildPhase section */

/* Begin PBXGroup section */
		35A18FF22B1840D10009EEBA /* ChapetersSwiftUI */ = {
			isa = PBXGroup;
			children = (
				35C00FC92B15B34D00DE2EB8 /* ContentView.swift */,
				35A18FF32B1840E40009EEBA /* 1) LearningTopics.swift */,
				35C00FD72B15B6E100DE2EB8 /* 2) DoCatchTryThrows.swift */,
				35A18FF42B1841190009EEBA /* 3) ImageDownloadAsyncAwait.swift */,
				E9B0A3AA2B19A244004BE38C /* 4) HowToUseAsyncAwait.swift */,
				E9B0A3AC2B19AC04004BE38C /* 5) HowToUseTask.swift */,
				E91ABB0A2B1A203F00EACEC1 /* 6) AsyncLetSwiftUIView.swift */,
				E91ABB0C2B1A40FE00EACEC1 /* 7) UseTaskGroupSwiftUIView.swift */,
				E933545A2B1CB971000ED8A9 /* 8) CheckContinuationSwiftUIView.swift */,
				3545883D2B3438110022DC98 /* 9) ActorClassStructSwiftUIView.swift */,
				350DEDC52BA2C8B100B8A429 /* 10) GlobalActor.swift */,
				E9A25FCD2B3DF15100656348 /* 11) AdvancedSwiftUIAnimation.swift */,
				E9A25FCF2B3DFCC300656348 /* 12) PolygonAnimation1.swift */,
				E932E5A52BC6EBA400C7C4CB /* 13) DemistifySwiftUI.swift */,
			);
			path = ChapetersSwiftUI;
			sourceTree = "<group>";
		};
		35A18FF62B1841370009EEBA /* Resources */ = {
			isa = PBXGroup;
			children = (
				35C00FCB2B15B35100DE2EB8 /* Assets.xcassets */,
			);
			path = Resources;
			sourceTree = "<group>";
		};
		35C00FBB2B15B34D00DE2EB8 = {
			isa = PBXGroup;
			children = (
				35C00FC62B15B34D00DE2EB8 /* Concurrency_SwiftFull_Thinking */,
				35C00FC52B15B34D00DE2EB8 /* Products */,
			);
			sourceTree = "<group>";
		};
		35C00FC52B15B34D00DE2EB8 /* Products */ = {
			isa = PBXGroup;
			children = (
				35C00FC42B15B34D00DE2EB8 /* Concurrency_SwiftFull_Thinking.app */,
			);
			name = Products;
			sourceTree = "<group>";
		};
		35C00FC62B15B34D00DE2EB8 /* Concurrency_SwiftFull_Thinking */ = {
			isa = PBXGroup;
			children = (
				35A18FF62B1841370009EEBA /* Resources */,
				35A18FF22B1840D10009EEBA /* ChapetersSwiftUI */,
				35C00FC72B15B34D00DE2EB8 /* Concurrency_SwiftFull_ThinkingApp.swift */,
				35C00FD52B15B45B00DE2EB8 /* SwiftfulThinkingChapters.swift */,
				35C00FCD2B15B35100DE2EB8 /* Preview Content */,
			);
			path = Concurrency_SwiftFull_Thinking;
			sourceTree = "<group>";
		};
		35C00FCD2B15B35100DE2EB8 /* Preview Content */ = {
			isa = PBXGroup;
			children = (
				35C00FCE2B15B35100DE2EB8 /* Preview Assets.xcassets */,
			);
			path = "Preview Content";
			sourceTree = "<group>";
		};
/* End PBXGroup section */

/* Begin PBXNativeTarget section */
		35C00FC32B15B34D00DE2EB8 /* Concurrency_SwiftFull_Thinking */ = {
			isa = PBXNativeTarget;
			buildConfigurationList = 35C00FD22B15B35100DE2EB8 /* Build configuration list for PBXNativeTarget "Concurrency_SwiftFull_Thinking" */;
			buildPhases = (
				35C00FC02B15B34D00DE2EB8 /* Sources */,
				35C00FC12B15B34D00DE2EB8 /* Frameworks */,
				35C00FC22B15B34D00DE2EB8 /* Resources */,
			);
			buildRules = (
			);
			dependencies = (
			);
			name = Concurrency_SwiftFull_Thinking;
			productName = Concurrency_SwiftFull_Thinking;
			productReference = 35C00FC42B15B34D00DE2EB8 /* Concurrency_SwiftFull_Thinking.app */;
			productType = "com.apple.product-type.application";
		};
/* End PBXNativeTarget section */

/* Begin PBXProject section */
		35C00FBC2B15B34D00DE2EB8 /* Project object */ = {
			isa = PBXProject;
			attributes = {
				BuildIndependentTargetsInParallel = 1;
				LastSwiftUpdateCheck = 1500;
				LastUpgradeCheck = 1500;
				TargetAttributes = {
					35C00FC32B15B34D00DE2EB8 = {
						CreatedOnToolsVersion = 15.0;
					};
				};
			};
			buildConfigurationList = 35C00FBF2B15B34D00DE2EB8 /* Build configuration list for PBXProject "Concurrency_SwiftFull_Thinking" */;
			compatibilityVersion = "Xcode 14.0";
			developmentRegion = en;
			hasScannedForEncodings = 0;
			knownRegions = (
				en,
				Base,
			);
			mainGroup = 35C00FBB2B15B34D00DE2EB8;
			productRefGroup = 35C00FC52B15B34D00DE2EB8 /* Products */;
			projectDirPath = "";
			projectRoot = "";
			targets = (
				35C00FC32B15B34D00DE2EB8 /* Concurrency_SwiftFull_Thinking */,
			);
		};
/* End PBXProject section */

/* Begin PBXResourcesBuildPhase section */
		35C00FC22B15B34D00DE2EB8 /* Resources */ = {
			isa = PBXResourcesBuildPhase;
			buildActionMask = 2147483647;
			files = (
				35C00FCF2B15B35100DE2EB8 /* Preview Assets.xcassets in Resources */,
				35C00FCC2B15B35100DE2EB8 /* Assets.xcassets in Resources */,
			);
			runOnlyForDeploymentPostprocessing = 0;
		};
/* End PBXResourcesBuildPhase section */

/* Begin PBXSourcesBuildPhase section */
		35C00FC02B15B34D00DE2EB8 /* Sources */ = {
			isa = PBXSourcesBuildPhase;
			buildActionMask = 2147483647;
			files = (
				35A18FF72B18419B0009EEBA /* 1) LearningTopics.swift in Sources */,
				E932E5A62BC6EBA400C7C4CB /* 13) DemistifySwiftUI.swift in Sources */,
				35A18FF52B1841190009EEBA /* 3) ImageDownloadAsyncAwait.swift in Sources */,
				35C00FCA2B15B34D00DE2EB8 /* ContentView.swift in Sources */,
				E91ABB0D2B1A40FE00EACEC1 /* 7) UseTaskGroupSwiftUIView.swift in Sources */,
				35C00FD82B15B6E100DE2EB8 /* 2) DoCatchTryThrows.swift in Sources */,
				E933545B2B1CB971000ED8A9 /* 8) CheckContinuationSwiftUIView.swift in Sources */,
				350DEDC62BA2C8B100B8A429 /* 10) GlobalActor.swift in Sources */,
				35C00FC82B15B34D00DE2EB8 /* Concurrency_SwiftFull_ThinkingApp.swift in Sources */,
				35C00FD62B15B45B00DE2EB8 /* SwiftfulThinkingChapters.swift in Sources */,
				E9B0A3AD2B19AC04004BE38C /* 5) HowToUseTask.swift in Sources */,
				E9A25FCE2B3DF15100656348 /* 11) AdvancedSwiftUIAnimation.swift in Sources */,
				E91ABB0B2B1A203F00EACEC1 /* 6) AsyncLetSwiftUIView.swift in Sources */,
				E9A25FD02B3DFCC300656348 /* 12) PolygonAnimation1.swift in Sources */,
				E9B0A3AB2B19A244004BE38C /* 4) HowToUseAsyncAwait.swift in Sources */,
				3545883E2B3438110022DC98 /* 9) ActorClassStructSwiftUIView.swift in Sources */,
			);
			runOnlyForDeploymentPostprocessing = 0;
		};
/* End PBXSourcesBuildPhase section */

/* Begin XCBuildConfiguration section */
		35C00FD02B15B35100DE2EB8 /* Debug */ = {
			isa = XCBuildConfiguration;
			buildSettings = {
				ALWAYS_SEARCH_USER_PATHS = NO;
				ASSETCATALOG_COMPILER_GENERATE_SWIFT_ASSET_SYMBOL_EXTENSIONS = YES;
				CLANG_ANALYZER_NONNULL = YES;
				CLANG_ANALYZER_NUMBER_OBJECT_CONVERSION = YES_AGGRESSIVE;
				CLANG_CXX_LANGUAGE_STANDARD = "gnu++20";
				CLANG_ENABLE_MODULES = YES;
				CLANG_ENABLE_OBJC_ARC = YES;
				CLANG_ENABLE_OBJC_WEAK = YES;
				CLANG_WARN_BLOCK_CAPTURE_AUTORELEASING = YES;
				CLANG_WARN_BOOL_CONVERSION = YES;
				CLANG_WARN_COMMA = YES;
				CLANG_WARN_CONSTANT_CONVERSION = YES;
				CLANG_WARN_DEPRECATED_OBJC_IMPLEMENTATIONS = YES;
				CLANG_WARN_DIRECT_OBJC_ISA_USAGE = YES_ERROR;
				CLANG_WARN_DOCUMENTATION_COMMENTS = YES;
				CLANG_WARN_EMPTY_BODY = YES;
				CLANG_WARN_ENUM_CONVERSION = YES;
				CLANG_WARN_INFINITE_RECURSION = YES;
				CLANG_WARN_INT_CONVERSION = YES;
				CLANG_WARN_NON_LITERAL_NULL_CONVERSION = YES;
				CLANG_WARN_OBJC_IMPLICIT_RETAIN_SELF = YES;
				CLANG_WARN_OBJC_LITERAL_CONVERSION = YES;
				CLANG_WARN_OBJC_ROOT_CLASS = YES_ERROR;
				CLANG_WARN_QUOTED_INCLUDE_IN_FRAMEWORK_HEADER = YES;
				CLANG_WARN_RANGE_LOOP_ANALYSIS = YES;
				CLANG_WARN_STRICT_PROTOTYPES = YES;
				CLANG_WARN_SUSPICIOUS_MOVE = YES;
				CLANG_WARN_UNGUARDED_AVAILABILITY = YES_AGGRESSIVE;
				CLANG_WARN_UNREACHABLE_CODE = YES;
				CLANG_WARN__DUPLICATE_METHOD_MATCH = YES;
				COPY_PHASE_STRIP = NO;
				DEBUG_INFORMATION_FORMAT = dwarf;
				ENABLE_STRICT_OBJC_MSGSEND = YES;
				ENABLE_TESTABILITY = YES;
				ENABLE_USER_SCRIPT_SANDBOXING = YES;
				GCC_C_LANGUAGE_STANDARD = gnu17;
				GCC_DYNAMIC_NO_PIC = NO;
				GCC_NO_COMMON_BLOCKS = YES;
				GCC_OPTIMIZATION_LEVEL = 0;
				GCC_PREPROCESSOR_DEFINITIONS = (
					"DEBUG=1",
					"$(inherited)",
				);
				GCC_WARN_64_TO_32_BIT_CONVERSION = YES;
				GCC_WARN_ABOUT_RETURN_TYPE = YES_ERROR;
				GCC_WARN_UNDECLARED_SELECTOR = YES;
				GCC_WARN_UNINITIALIZED_AUTOS = YES_AGGRESSIVE;
				GCC_WARN_UNUSED_FUNCTION = YES;
				GCC_WARN_UNUSED_VARIABLE = YES;
				IPHONEOS_DEPLOYMENT_TARGET = 17.0;
				LOCALIZATION_PREFERS_STRING_CATALOGS = YES;
				MTL_ENABLE_DEBUG_INFO = INCLUDE_SOURCE;
				MTL_FAST_MATH = YES;
				ONLY_ACTIVE_ARCH = YES;
				SDKROOT = iphoneos;
				SWIFT_ACTIVE_COMPILATION_CONDITIONS = "DEBUG $(inherited)";
				SWIFT_OPTIMIZATION_LEVEL = "-Onone";
			};
			name = Debug;
		};
		35C00FD12B15B35100DE2EB8 /* Release */ = {
			isa = XCBuildConfiguration;
			buildSettings = {
				ALWAYS_SEARCH_USER_PATHS = NO;
				ASSETCATALOG_COMPILER_GENERATE_SWIFT_ASSET_SYMBOL_EXTENSIONS = YES;
				CLANG_ANALYZER_NONNULL = YES;
				CLANG_ANALYZER_NUMBER_OBJECT_CONVERSION = YES_AGGRESSIVE;
				CLANG_CXX_LANGUAGE_STANDARD = "gnu++20";
				CLANG_ENABLE_MODULES = YES;
				CLANG_ENABLE_OBJC_ARC = YES;
				CLANG_ENABLE_OBJC_WEAK = YES;
				CLANG_WARN_BLOCK_CAPTURE_AUTORELEASING = YES;
				CLANG_WARN_BOOL_CONVERSION = YES;
				CLANG_WARN_COMMA = YES;
				CLANG_WARN_CONSTANT_CONVERSION = YES;
				CLANG_WARN_DEPRECATED_OBJC_IMPLEMENTATIONS = YES;
				CLANG_WARN_DIRECT_OBJC_ISA_USAGE = YES_ERROR;
				CLANG_WARN_DOCUMENTATION_COMMENTS = YES;
				CLANG_WARN_EMPTY_BODY = YES;
				CLANG_WARN_ENUM_CONVERSION = YES;
				CLANG_WARN_INFINITE_RECURSION = YES;
				CLANG_WARN_INT_CONVERSION = YES;
				CLANG_WARN_NON_LITERAL_NULL_CONVERSION = YES;
				CLANG_WARN_OBJC_IMPLICIT_RETAIN_SELF = YES;
				CLANG_WARN_OBJC_LITERAL_CONVERSION = YES;
				CLANG_WARN_OBJC_ROOT_CLASS = YES_ERROR;
				CLANG_WARN_QUOTED_INCLUDE_IN_FRAMEWORK_HEADER = YES;
				CLANG_WARN_RANGE_LOOP_ANALYSIS = YES;
				CLANG_WARN_STRICT_PROTOTYPES = YES;
				CLANG_WARN_SUSPICIOUS_MOVE = YES;
				CLANG_WARN_UNGUARDED_AVAILABILITY = YES_AGGRESSIVE;
				CLANG_WARN_UNREACHABLE_CODE = YES;
				CLANG_WARN__DUPLICATE_METHOD_MATCH = YES;
				COPY_PHASE_STRIP = NO;
				DEBUG_INFORMATION_FORMAT = "dwarf-with-dsym";
				ENABLE_NS_ASSERTIONS = NO;
				ENABLE_STRICT_OBJC_MSGSEND = YES;
				ENABLE_USER_SCRIPT_SANDBOXING = YES;
				GCC_C_LANGUAGE_STANDARD = gnu17;
				GCC_NO_COMMON_BLOCKS = YES;
				GCC_WARN_64_TO_32_BIT_CONVERSION = YES;
				GCC_WARN_ABOUT_RETURN_TYPE = YES_ERROR;
				GCC_WARN_UNDECLARED_SELECTOR = YES;
				GCC_WARN_UNINITIALIZED_AUTOS = YES_AGGRESSIVE;
				GCC_WARN_UNUSED_FUNCTION = YES;
				GCC_WARN_UNUSED_VARIABLE = YES;
				IPHONEOS_DEPLOYMENT_TARGET = 17.0;
				LOCALIZATION_PREFERS_STRING_CATALOGS = YES;
				MTL_ENABLE_DEBUG_INFO = NO;
				MTL_FAST_MATH = YES;
				SDKROOT = iphoneos;
				SWIFT_COMPILATION_MODE = wholemodule;
				VALIDATE_PRODUCT = YES;
			};
			name = Release;
		};
		35C00FD32B15B35100DE2EB8 /* Debug */ = {
			isa = XCBuildConfiguration;
			buildSettings = {
				ASSETCATALOG_COMPILER_APPICON_NAME = AppIcon;
				ASSETCATALOG_COMPILER_GLOBAL_ACCENT_COLOR_NAME = AccentColor;
				CODE_SIGN_STYLE = Automatic;
				CURRENT_PROJECT_VERSION = 1;
				DEVELOPMENT_ASSET_PATHS = "\"Concurrency_SwiftFull_Thinking/Preview Content\"";
				DEVELOPMENT_TEAM = 5QKQYBS38P;
				ENABLE_PREVIEWS = YES;
				GENERATE_INFOPLIST_FILE = YES;
				INFOPLIST_KEY_UIApplicationSceneManifest_Generation = YES;
				INFOPLIST_KEY_UIApplicationSupportsIndirectInputEvents = YES;
				INFOPLIST_KEY_UILaunchScreen_Generation = YES;
				INFOPLIST_KEY_UISupportedInterfaceOrientations_iPad = "UIInterfaceOrientationPortrait UIInterfaceOrientationPortraitUpsideDown UIInterfaceOrientationLandscapeLeft UIInterfaceOrientationLandscapeRight";
				INFOPLIST_KEY_UISupportedInterfaceOrientations_iPhone = "UIInterfaceOrientationPortrait UIInterfaceOrientationLandscapeLeft UIInterfaceOrientationLandscapeRight";
				IPHONEOS_DEPLOYMENT_TARGET = 16.0;
				LD_RUNPATH_SEARCH_PATHS = (
					"$(inherited)",
					"@executable_path/Frameworks",
				);
				MARKETING_VERSION = 1.0;
				PRODUCT_BUNDLE_IDENTIFIER = "com.ccp.com.demo.Concurrency-SwiftFull-Thinking";
				PRODUCT_NAME = "$(TARGET_NAME)";
				SWIFT_EMIT_LOC_STRINGS = YES;
				SWIFT_VERSION = 5.0;
				TARGETED_DEVICE_FAMILY = "1,2";
			};
			name = Debug;
		};
		35C00FD42B15B35100DE2EB8 /* Release */ = {
			isa = XCBuildConfiguration;
			buildSettings = {
				ASSETCATALOG_COMPILER_APPICON_NAME = AppIcon;
				ASSETCATALOG_COMPILER_GLOBAL_ACCENT_COLOR_NAME = AccentColor;
				CODE_SIGN_STYLE = Automatic;
				CURRENT_PROJECT_VERSION = 1;
				DEVELOPMENT_ASSET_PATHS = "\"Concurrency_SwiftFull_Thinking/Preview Content\"";
				DEVELOPMENT_TEAM = 5QKQYBS38P;
				ENABLE_PREVIEWS = YES;
				GENERATE_INFOPLIST_FILE = YES;
				INFOPLIST_KEY_UIApplicationSceneManifest_Generation = YES;
				INFOPLIST_KEY_UIApplicationSupportsIndirectInputEvents = YES;
				INFOPLIST_KEY_UILaunchScreen_Generation = YES;
				INFOPLIST_KEY_UISupportedInterfaceOrientations_iPad = "UIInterfaceOrientationPortrait UIInterfaceOrientationPortraitUpsideDown UIInterfaceOrientationLandscapeLeft UIInterfaceOrientationLandscapeRight";
				INFOPLIST_KEY_UISupportedInterfaceOrientations_iPhone = "UIInterfaceOrientationPortrait UIInterfaceOrientationLandscapeLeft UIInterfaceOrientationLandscapeRight";
				IPHONEOS_DEPLOYMENT_TARGET = 16.0;
				LD_RUNPATH_SEARCH_PATHS = (
					"$(inherited)",
					"@executable_path/Frameworks",
				);
				MARKETING_VERSION = 1.0;
				PRODUCT_BUNDLE_IDENTIFIER = "com.ccp.com.demo.Concurrency-SwiftFull-Thinking";
				PRODUCT_NAME = "$(TARGET_NAME)";
				SWIFT_EMIT_LOC_STRINGS = YES;
				SWIFT_VERSION = 5.0;
				TARGETED_DEVICE_FAMILY = "1,2";
			};
			name = Release;
		};
/* End XCBuildConfiguration section */

/* Begin XCConfigurationList section */
		35C00FBF2B15B34D00DE2EB8 /* Build configuration list for PBXProject "Concurrency_SwiftFull_Thinking" */ = {
			isa = XCConfigurationList;
			buildConfigurations = (
				35C00FD02B15B35100DE2EB8 /* Debug */,
				35C00FD12B15B35100DE2EB8 /* Release */,
			);
			defaultConfigurationIsVisible = 0;
			defaultConfigurationName = Release;
		};
		35C00FD22B15B35100DE2EB8 /* Build configuration list for PBXNativeTarget "Concurrency_SwiftFull_Thinking" */ = {
			isa = XCConfigurationList;
			buildConfigurations = (
				35C00FD32B15B35100DE2EB8 /* Debug */,
				35C00FD42B15B35100DE2EB8 /* Release */,
			);
			defaultConfigurationIsVisible = 0;
			defaultConfigurationName = Release;
		};
/* End XCConfigurationList section */
	};
	rootObject = 35C00FBC2B15B34D00DE2EB8 /* Project object */;
}
